
Microsoft Visual Studio Solution File, Format Version 12.00
Project("{FAE04EC0-301F-11D3-BF4B-00C04F79EFBC}") = "Sonar.Player.Api", "Sonar.Player.Api\Sonar.Player.Api.csproj", "{73F2F81C-7497-4424-A6EA-A420B3790020}"
EndProject
Project("{FAE04EC0-301F-11D3-BF4B-00C04F79EFBC}") = "Sonar.Player.Application", "Sonar.Player.Application\Sonar.Player.Application.csproj", "{AE87C6D9-FD66-4F0E-A89F-A8A828A62C6A}"
EndProject
Project("{FAE04EC0-301F-11D3-BF4B-00C04F79EFBC}") = "Sonar.Player.DataAccess", "Sonar.Player.DataAccess\Sonar.Player.DataAccess.csproj", "{17AA8A11-F0CB-427C-B440-2063161ED059}"
EndProject
Project("{FAE04EC0-301F-11D3-BF4B-00C04F79EFBC}") = "Sonar.Player.Domain", "Sonar.Player.Domain\Sonar.Player.Domain.csproj", "{5A89E979-4864-4420-A1DE-957D2D285D60}"
EndProject
Project("{FAE04EC0-301F-11D3-BF4B-00C04F79EFBC}") = "Sonar.Player.ApiClient", "Sonar.Player.ApiClient\Sonar.Player.ApiClient.csproj", "{272D1464-823F-4DEE-9833-35E97DED2134}"
EndProject
Project("{FAE04EC0-301F-11D3-BF4B-00C04F79EFBC}") = "Sonar.UserProfile.ApiClient", "..\Sonar.UserProfile\Sonar.UserProfile.ApiClient\Sonar.UserProfile.ApiClient.csproj", "{7F1313DE-7C02-4752-9A46-C5054074EF1D}"
EndProject
Project("{FAE04EC0-301F-11D3-BF4B-00C04F79EFBC}") = "Sonar.UserTracksManagement.ApiClient", "..\Sonar.UserTracksManagment\Sonar.UserTracksManagement\Sonar.UserTracksManagement.ApiClient\Sonar.UserTracksManagement.ApiClient.csproj", "{FA5BB509-AECD-4800-AC94-AB3EEA3DFF19}"
EndProject
Project("{FAE04EC0-301F-11D3-BF4B-00C04F79EFBC}") = "Sonar.Player.Fakes", "Sonar.Player.Fakes\Sonar.Player.Fakes.csproj", "{D63539A0-F3A2-4387-A469-DAC1065A6923}"
EndProject
Project("{FAE04EC0-301F-11D3-BF4B-00C04F79EFBC}") = "Sonar.DiscordBot", "Sonar.DiscordBot\Sonar.DiscordBot.csproj", "{58F0C64B-ED9C-4B67-A703-5F4ECB7935BB}"
EndProject
Global
	GlobalSection(SolutionConfigurationPlatforms) = preSolution
		Debug|Any CPU = Debug|Any CPU
		Release|Any CPU = Release|Any CPU
	EndGlobalSection
	GlobalSection(ProjectConfigurationPlatforms) = postSolution
		{73F2F81C-7497-4424-A6EA-A420B3790020}.Debug|Any CPU.ActiveCfg = Debug|Any CPU
		{73F2F81C-7497-4424-A6EA-A420B3790020}.Debug|Any CPU.Build.0 = Debug|Any CPU
		{73F2F81C-7497-4424-A6EA-A420B3790020}.Release|Any CPU.ActiveCfg = Release|Any CPU
		{73F2F81C-7497-4424-A6EA-A420B3790020}.Release|Any CPU.Build.0 = Release|Any CPU
		{AE87C6D9-FD66-4F0E-A89F-A8A828A62C6A}.Debug|Any CPU.ActiveCfg = Debug|Any CPU
		{AE87C6D9-FD66-4F0E-A89F-A8A828A62C6A}.Debug|Any CPU.Build.0 = Debug|Any CPU
		{AE87C6D9-FD66-4F0E-A89F-A8A828A62C6A}.Release|Any CPU.ActiveCfg = Release|Any CPU
		{AE87C6D9-FD66-4F0E-A89F-A8A828A62C6A}.Release|Any CPU.Build.0 = Release|Any CPU
		{17AA8A11-F0CB-427C-B440-2063161ED059}.Debug|Any CPU.ActiveCfg = Debug|Any CPU
		{17AA8A11-F0CB-427C-B440-2063161ED059}.Debug|Any CPU.Build.0 = Debug|Any CPU
		{17AA8A11-F0CB-427C-B440-2063161ED059}.Release|Any CPU.ActiveCfg = Release|Any CPU
		{17AA8A11-F0CB-427C-B440-2063161ED059}.Release|Any CPU.Build.0 = Release|Any CPU
		{5A89E979-4864-4420-A1DE-957D2D285D60}.Debug|Any CPU.ActiveCfg = Debug|Any CPU
		{5A89E979-4864-4420-A1DE-957D2D285D60}.Debug|Any CPU.Build.0 = Debug|Any CPU
		{5A89E979-4864-4420-A1DE-957D2D285D60}.Release|Any CPU.ActiveCfg = Release|Any CPU
		{5A89E979-4864-4420-A1DE-957D2D285D60}.Release|Any CPU.Build.0 = Release|Any CPU
		{272D1464-823F-4DEE-9833-35E97DED2134}.Debug|Any CPU.ActiveCfg = Debug|Any CPU
		{272D1464-823F-4DEE-9833-35E97DED2134}.Debug|Any CPU.Build.0 = Debug|Any CPU
		{272D1464-823F-4DEE-9833-35E97DED2134}.Release|Any CPU.ActiveCfg = Release|Any CPU
		{272D1464-823F-4DEE-9833-35E97DED2134}.Release|Any CPU.Build.0 = Release|Any CPU
		{7F1313DE-7C02-4752-9A46-C5054074EF1D}.Debug|Any CPU.ActiveCfg = Debug|Any CPU
		{7F1313DE-7C02-4752-9A46-C5054074EF1D}.Debug|Any CPU.Build.0 = Debug|Any CPU
		{7F1313DE-7C02-4752-9A46-C5054074EF1D}.Release|Any CPU.ActiveCfg = Release|Any CPU
		{7F1313DE-7C02-4752-9A46-C5054074EF1D}.Release|Any CPU.Build.0 = Release|Any CPU
		{FA5BB509-AECD-4800-AC94-AB3EEA3DFF19}.Debug|Any CPU.ActiveCfg = Debug|Any CPU
		{FA5BB509-AECD-4800-AC94-AB3EEA3DFF19}.Debug|Any CPU.Build.0 = Debug|Any CPU
		{FA5BB509-AECD-4800-AC94-AB3EEA3DFF19}.Release|Any CPU.ActiveCfg = Release|Any CPU
		{FA5BB509-AECD-4800-AC94-AB3EEA3DFF19}.Release|Any CPU.Build.0 = Release|Any CPU
		{D63539A0-F3A2-4387-A469-DAC1065A6923}.Debug|Any CPU.ActiveCfg = Debug|Any CPU
		{D63539A0-F3A2-4387-A469-DAC1065A6923}.Debug|Any CPU.Build.0 = Debug|Any CPU
		{D63539A0-F3A2-4387-A469-DAC1065A6923}.Release|Any CPU.ActiveCfg = Release|Any CPU
		{D63539A0-F3A2-4387-A469-DAC1065A6923}.Release|Any CPU.Build.0 = Release|Any CPU
		{58F0C64B-ED9C-4B67-A703-5F4ECB7935BB}.Debug|Any CPU.ActiveCfg = Debug|Any CPU
		{58F0C64B-ED9C-4B67-A703-5F4ECB7935BB}.Debug|Any CPU.Build.0 = Debug|Any CPU
		{58F0C64B-ED9C-4B67-A703-5F4ECB7935BB}.Release|Any CPU.ActiveCfg = Release|Any CPU
		{58F0C64B-ED9C-4B67-A703-5F4ECB7935BB}.Release|Any CPU.Build.0 = Release|Any CPU
	EndGlobalSection
EndGlobal
